
Microsoft Visual Studio Solution File, Format Version 12.00
# Visual Studio Version 17
VisualStudioVersion = 17.4.33213.308
MinimumVisualStudioVersion = 10.0.40219.1
Project("{9A19103F-16F7-4668-BE54-9A1E7A4F7556}") = "Game_Cheats_App", "Game_Cheats_App.csproj", "{A7785C29-143E-4A57-BE30-91A7C190004E}"
EndProject
Global
	GlobalSection(SolutionConfigurationPlatforms) = preSolution
		Debug|Any CPU = Debug|Any CPU
		Release|Any CPU = Release|Any CPU
	EndGlobalSection
	GlobalSection(ProjectConfigurationPlatforms) = postSolution
		{A7785C29-143E-4A57-BE30-91A7C190004E}.Debug|Any CPU.ActiveCfg = Debug|Any CPU
		{A7785C29-143E-4A57-BE30-91A7C190004E}.Debug|Any CPU.Build.0 = Debug|Any CPU
		{A7785C29-143E-4A57-BE30-91A7C190004E}.Release|Any CPU.ActiveCfg = Release|Any CPU
		{A7785C29-143E-4A57-BE30-91A7C190004E}.Release|Any CPU.Build.0 = Release|Any CPU
	EndGlobalSection
	GlobalSection(SolutionProperties) = preSolution
		HideSolutionNode = FALSE
	EndGlobalSection
	GlobalSection(ExtensibilityGlobals) = postSolution
		SolutionGuid = {E55F06F9-309D-48E5-B9D0-02ED15D7BF0A}
	EndGlobalSection
EndGlobal
